
Microsoft Visual Studio Solution File, Format Version 12.00
# Visual Studio Version 17
VisualStudioVersion = 17.0.31912.275
MinimumVisualStudioVersion = 10.0.40219.1
Project("{FAE04EC0-301F-11D3-BF4B-00C04F79EFBC}") = "Algortytmy Sortowania", "Algortytmy Sortowania\Algortytmy Sortowania.csproj", "{D6EFB9CE-8306-426E-866F-752C16AE7BAA}"
EndProject
Global
	GlobalSection(SolutionConfigurationPlatforms) = preSolution
		Debug|Any CPU = Debug|Any CPU
		Release|Any CPU = Release|Any CPU
	EndGlobalSection
	GlobalSection(ProjectConfigurationPlatforms) = postSolution
		{D6EFB9CE-8306-426E-866F-752C16AE7BAA}.Debug|Any CPU.ActiveCfg = Debug|Any CPU
		{D6EFB9CE-8306-426E-866F-752C16AE7BAA}.Debug|Any CPU.Build.0 = Debug|Any CPU
		{D6EFB9CE-8306-426E-866F-752C16AE7BAA}.Release|Any CPU.ActiveCfg = Release|Any CPU
		{D6EFB9CE-8306-426E-866F-752C16AE7BAA}.Release|Any CPU.Build.0 = Release|Any CPU
	EndGlobalSection
	GlobalSection(SolutionProperties) = preSolution
		HideSolutionNode = FALSE
	EndGlobalSection
	GlobalSection(ExtensibilityGlobals) = postSolution
		SolutionGuid = {8109F233-0824-4DF7-BC9E-4CE67C53DE89}
	EndGlobalSection
EndGlobal
